// !$*UTF8*$!
{
	archiveVersion = 1;
	classes = {
	};
	objectVersion = 46;
	objects = {

/* Begin PBXBuildFile section */
		64E962A4E0BCC750EA205656 /* Pods_Login_and_RegistrationTests.framework in Frameworks */ = {isa = PBXBuildFile; fileRef = 6EC7D38296FDC074D1645062 /* Pods_Login_and_RegistrationTests.framework */; };
		CA466B88F12BFB7F906757F6 /* Pods_Login_and_RegistrationUITests.framework in Frameworks */ = {isa = PBXBuildFile; fileRef = BB176CFB6964F91EAA72DC1B /* Pods_Login_and_RegistrationUITests.framework */; };
		D6BA95FF169D2BF1E60623FD /* Pods_Login_and_Registration.framework in Frameworks */ = {isa = PBXBuildFile; fileRef = EAFDE6B9F797A825FDC4FACD /* Pods_Login_and_Registration.framework */; };
		EC2ACF7E1EC28CEF00E3E082 /* AppDelegate.swift in Sources */ = {isa = PBXBuildFile; fileRef = EC2ACF7D1EC28CEF00E3E082 /* AppDelegate.swift */; };
		EC2ACF801EC28CEF00E3E082 /* ViewController.swift in Sources */ = {isa = PBXBuildFile; fileRef = EC2ACF7F1EC28CEF00E3E082 /* ViewController.swift */; };
		EC2ACF831EC28CEF00E3E082 /* Main.storyboard in Resources */ = {isa = PBXBuildFile; fileRef = EC2ACF811EC28CEF00E3E082 /* Main.storyboard */; };
		EC2ACF881EC28CF000E3E082 /* Assets.xcassets in Resources */ = {isa = PBXBuildFile; fileRef = EC2ACF871EC28CF000E3E082 /* Assets.xcassets */; };
		EC2ACF8B1EC28CF000E3E082 /* LaunchScreen.storyboard in Resources */ = {isa = PBXBuildFile; fileRef = EC2ACF891EC28CF000E3E082 /* LaunchScreen.storyboard */; };
		EC2ACF961EC28CF000E3E082 /* Login_and_RegistrationTests.swift in Sources */ = {isa = PBXBuildFile; fileRef = EC2ACF951EC28CF000E3E082 /* Login_and_RegistrationTests.swift */; };
		EC2ACFA11EC28CF000E3E082 /* Login_and_RegistrationUITests.swift in Sources */ = {isa = PBXBuildFile; fileRef = EC2ACFA01EC28CF000E3E082 /* Login_and_RegistrationUITests.swift */; };
		EC2ACFB11EC29D3500E3E082 /* RegisterPageViewController.swift in Sources */ = {isa = PBXBuildFile; fileRef = EC2ACFB01EC29D3500E3E082 /* RegisterPageViewController.swift */; };
		EC2ACFB31EC3CD6800E3E082 /* GoogleService-Info.plist in Resources */ = {isa = PBXBuildFile; fileRef = EC2ACFB21EC3CD6800E3E082 /* GoogleService-Info.plist */; };
/* End PBXBuildFile section */

/* Begin PBXContainerItemProxy section */
		EC2ACF921EC28CF000E3E082 /* PBXContainerItemProxy */ = {
			isa = PBXContainerItemProxy;
			containerPortal = EC2ACF721EC28CEF00E3E082 /* Project object */;
			proxyType = 1;
			remoteGlobalIDString = EC2ACF791EC28CEF00E3E082;
			remoteInfo = "Login and Registration";
		};
		EC2ACF9D1EC28CF000E3E082 /* PBXContainerItemProxy */ = {
			isa = PBXContainerItemProxy;
			containerPortal = EC2ACF721EC28CEF00E3E082 /* Project object */;
			proxyType = 1;
			remoteGlobalIDString = EC2ACF791EC28CEF00E3E082;
			remoteInfo = "Login and Registration";
		};
/* End PBXContainerItemProxy section */

/* Begin PBXFileReference section */
		2B6C8D5BF8601AC96BFC8F61 /* Pods-Login and RegistrationTests.debug.xcconfig */ = {isa = PBXFileReference; includeInIndex = 1; lastKnownFileType = text.xcconfig; name = "Pods-Login and RegistrationTests.debug.xcconfig"; path = "Pods/Target Support Files/Pods-Login and RegistrationTests/Pods-Login and RegistrationTests.debug.xcconfig"; sourceTree = "<group>"; };
		4444BE470EF08E8E5254026A /* Pods-Login and RegistrationTests.release.xcconfig */ = {isa = PBXFileReference; includeInIndex = 1; lastKnownFileType = text.xcconfig; name = "Pods-Login and RegistrationTests.release.xcconfig"; path = "Pods/Target Support Files/Pods-Login and RegistrationTests/Pods-Login and RegistrationTests.release.xcconfig"; sourceTree = "<group>"; };
		5E72B321AC6A66F7E25C6D4A /* Pods-Login and RegistrationUITests.release.xcconfig */ = {isa = PBXFileReference; includeInIndex = 1; lastKnownFileType = text.xcconfig; name = "Pods-Login and RegistrationUITests.release.xcconfig"; path = "Pods/Target Support Files/Pods-Login and RegistrationUITests/Pods-Login and RegistrationUITests.release.xcconfig"; sourceTree = "<group>"; };
		6EC7D38296FDC074D1645062 /* Pods_Login_and_RegistrationTests.framework */ = {isa = PBXFileReference; explicitFileType = wrapper.framework; includeInIndex = 0; path = Pods_Login_and_RegistrationTests.framework; sourceTree = BUILT_PRODUCTS_DIR; };
		BB176CFB6964F91EAA72DC1B /* Pods_Login_and_RegistrationUITests.framework */ = {isa = PBXFileReference; explicitFileType = wrapper.framework; includeInIndex = 0; path = Pods_Login_and_RegistrationUITests.framework; sourceTree = BUILT_PRODUCTS_DIR; };
		C6A6B7F89CC916E05C4650B3 /* Pods-Login and RegistrationUITests.debug.xcconfig */ = {isa = PBXFileReference; includeInIndex = 1; lastKnownFileType = text.xcconfig; name = "Pods-Login and RegistrationUITests.debug.xcconfig"; path = "Pods/Target Support Files/Pods-Login and RegistrationUITests/Pods-Login and RegistrationUITests.debug.xcconfig"; sourceTree = "<group>"; };
		D61C024F1624DAC2592041EC /* Pods-Login and Registration.release.xcconfig */ = {isa = PBXFileReference; includeInIndex = 1; lastKnownFileType = text.xcconfig; name = "Pods-Login and Registration.release.xcconfig"; path = "Pods/Target Support Files/Pods-Login and Registration/Pods-Login and Registration.release.xcconfig"; sourceTree = "<group>"; };
		E75620C658F6534B16206A43 /* Pods-Login and Registration.debug.xcconfig */ = {isa = PBXFileReference; includeInIndex = 1; lastKnownFileType = text.xcconfig; name = "Pods-Login and Registration.debug.xcconfig"; path = "Pods/Target Support Files/Pods-Login and Registration/Pods-Login and Registration.debug.xcconfig"; sourceTree = "<group>"; };
		EAFDE6B9F797A825FDC4FACD /* Pods_Login_and_Registration.framework */ = {isa = PBXFileReference; explicitFileType = wrapper.framework; includeInIndex = 0; path = Pods_Login_and_Registration.framework; sourceTree = BUILT_PRODUCTS_DIR; };
		EC2ACF7A1EC28CEF00E3E082 /* Login and Registration.app */ = {isa = PBXFileReference; explicitFileType = wrapper.application; includeInIndex = 0; path = "Login and Registration.app"; sourceTree = BUILT_PRODUCTS_DIR; };
		EC2ACF7D1EC28CEF00E3E082 /* AppDelegate.swift */ = {isa = PBXFileReference; lastKnownFileType = sourcecode.swift; path = AppDelegate.swift; sourceTree = "<group>"; };
		EC2ACF7F1EC28CEF00E3E082 /* ViewController.swift */ = {isa = PBXFileReference; lastKnownFileType = sourcecode.swift; path = ViewController.swift; sourceTree = "<group>"; };
		EC2ACF821EC28CEF00E3E082 /* Base */ = {isa = PBXFileReference; lastKnownFileType = file.storyboard; name = Base; path = Base.lproj/Main.storyboard; sourceTree = "<group>"; };
		EC2ACF871EC28CF000E3E082 /* Assets.xcassets */ = {isa = PBXFileReference; lastKnownFileType = folder.assetcatalog; path = Assets.xcassets; sourceTree = "<group>"; };
		EC2ACF8A1EC28CF000E3E082 /* Base */ = {isa = PBXFileReference; lastKnownFileType = file.storyboard; name = Base; path = Base.lproj/LaunchScreen.storyboard; sourceTree = "<group>"; };
		EC2ACF8C1EC28CF000E3E082 /* Info.plist */ = {isa = PBXFileReference; lastKnownFileType = text.plist.xml; path = Info.plist; sourceTree = "<group>"; };
		EC2ACF911EC28CF000E3E082 /* Login and RegistrationTests.xctest */ = {isa = PBXFileReference; explicitFileType = wrapper.cfbundle; includeInIndex = 0; path = "Login and RegistrationTests.xctest"; sourceTree = BUILT_PRODUCTS_DIR; };
		EC2ACF951EC28CF000E3E082 /* Login_and_RegistrationTests.swift */ = {isa = PBXFileReference; lastKnownFileType = sourcecode.swift; path = Login_and_RegistrationTests.swift; sourceTree = "<group>"; };
		EC2ACF971EC28CF000E3E082 /* Info.plist */ = {isa = PBXFileReference; lastKnownFileType = text.plist.xml; path = Info.plist; sourceTree = "<group>"; };
		EC2ACF9C1EC28CF000E3E082 /* Login and RegistrationUITests.xctest */ = {isa = PBXFileReference; explicitFileType = wrapper.cfbundle; includeInIndex = 0; path = "Login and RegistrationUITests.xctest"; sourceTree = BUILT_PRODUCTS_DIR; };
		EC2ACFA01EC28CF000E3E082 /* Login_and_RegistrationUITests.swift */ = {isa = PBXFileReference; lastKnownFileType = sourcecode.swift; path = Login_and_RegistrationUITests.swift; sourceTree = "<group>"; };
		EC2ACFA21EC28CF000E3E082 /* Info.plist */ = {isa = PBXFileReference; lastKnownFileType = text.plist.xml; path = Info.plist; sourceTree = "<group>"; };
		EC2ACFB01EC29D3500E3E082 /* RegisterPageViewController.swift */ = {isa = PBXFileReference; fileEncoding = 4; lastKnownFileType = sourcecode.swift; path = RegisterPageViewController.swift; sourceTree = "<group>"; };
		EC2ACFB21EC3CD6800E3E082 /* GoogleService-Info.plist */ = {isa = PBXFileReference; fileEncoding = 4; lastKnownFileType = text.plist.xml; name = "GoogleService-Info.plist"; path = "../GoogleService-Info.plist"; sourceTree = "<group>"; };
/* End PBXFileReference section */

/* Begin PBXFrameworksBuildPhase section */
		EC2ACF771EC28CEF00E3E082 /* Frameworks */ = {
			isa = PBXFrameworksBuildPhase;
			buildActionMask = 2147483647;
			files = (
				D6BA95FF169D2BF1E60623FD /* Pods_Login_and_Registration.framework in Frameworks */,
			);
			runOnlyForDeploymentPostprocessing = 0;
		};
		EC2ACF8E1EC28CF000E3E082 /* Frameworks */ = {
			isa = PBXFrameworksBuildPhase;
			buildActionMask = 2147483647;
			files = (
				64E962A4E0BCC750EA205656 /* Pods_Login_and_RegistrationTests.framework in Frameworks */,
			);
			runOnlyForDeploymentPostprocessing = 0;
		};
		EC2ACF991EC28CF000E3E082 /* Frameworks */ = {
			isa = PBXFrameworksBuildPhase;
			buildActionMask = 2147483647;
			files = (
				CA466B88F12BFB7F906757F6 /* Pods_Login_and_RegistrationUITests.framework in Frameworks */,
			);
			runOnlyForDeploymentPostprocessing = 0;
		};
/* End PBXFrameworksBuildPhase section */

/* Begin PBXGroup section */
		8CD0D5AD417A62860ECF4BF4 /* Pods */ = {
			isa = PBXGroup;
			children = (
				E75620C658F6534B16206A43 /* Pods-Login and Registration.debug.xcconfig */,
				D61C024F1624DAC2592041EC /* Pods-Login and Registration.release.xcconfig */,
				2B6C8D5BF8601AC96BFC8F61 /* Pods-Login and RegistrationTests.debug.xcconfig */,
				4444BE470EF08E8E5254026A /* Pods-Login and RegistrationTests.release.xcconfig */,
				C6A6B7F89CC916E05C4650B3 /* Pods-Login and RegistrationUITests.debug.xcconfig */,
				5E72B321AC6A66F7E25C6D4A /* Pods-Login and RegistrationUITests.release.xcconfig */,
			);
			name = Pods;
			sourceTree = "<group>";
		};
		B7C2E22F39307E169F147DC9 /* Frameworks */ = {
			isa = PBXGroup;
			children = (
				EAFDE6B9F797A825FDC4FACD /* Pods_Login_and_Registration.framework */,
				6EC7D38296FDC074D1645062 /* Pods_Login_and_RegistrationTests.framework */,
				BB176CFB6964F91EAA72DC1B /* Pods_Login_and_RegistrationUITests.framework */,
			);
			name = Frameworks;
			sourceTree = "<group>";
		};
		EC2ACF711EC28CEF00E3E082 = {
			isa = PBXGroup;
			children = (
				EC2ACF7C1EC28CEF00E3E082 /* Login and Registration */,
				EC2ACF941EC28CF000E3E082 /* Login and RegistrationTests */,
				EC2ACF9F1EC28CF000E3E082 /* Login and RegistrationUITests */,
				EC2ACF7B1EC28CEF00E3E082 /* Products */,
				8CD0D5AD417A62860ECF4BF4 /* Pods */,
				B7C2E22F39307E169F147DC9 /* Frameworks */,
			);
			sourceTree = "<group>";
		};
		EC2ACF7B1EC28CEF00E3E082 /* Products */ = {
			isa = PBXGroup;
			children = (
				EC2ACF7A1EC28CEF00E3E082 /* Login and Registration.app */,
				EC2ACF911EC28CF000E3E082 /* Login and RegistrationTests.xctest */,
				EC2ACF9C1EC28CF000E3E082 /* Login and RegistrationUITests.xctest */,
			);
			name = Products;
			sourceTree = "<group>";
		};
		EC2ACF7C1EC28CEF00E3E082 /* Login and Registration */ = {
			isa = PBXGroup;
			children = (
				EC2ACF7D1EC28CEF00E3E082 /* AppDelegate.swift */,
				EC2ACF7F1EC28CEF00E3E082 /* ViewController.swift */,
				EC2ACF811EC28CEF00E3E082 /* Main.storyboard */,
				EC2ACF871EC28CF000E3E082 /* Assets.xcassets */,
				EC2ACF891EC28CF000E3E082 /* LaunchScreen.storyboard */,
				EC2ACF8C1EC28CF000E3E082 /* Info.plist */,
				EC2ACFB01EC29D3500E3E082 /* RegisterPageViewController.swift */,
				EC2ACFB21EC3CD6800E3E082 /* GoogleService-Info.plist */,
			);
			path = "Login and Registration";
			sourceTree = "<group>";
		};
		EC2ACF941EC28CF000E3E082 /* Login and RegistrationTests */ = {
			isa = PBXGroup;
			children = (
				EC2ACF951EC28CF000E3E082 /* Login_and_RegistrationTests.swift */,
				EC2ACF971EC28CF000E3E082 /* Info.plist */,
			);
			path = "Login and RegistrationTests";
			sourceTree = "<group>";
		};
		EC2ACF9F1EC28CF000E3E082 /* Login and RegistrationUITests */ = {
			isa = PBXGroup;
			children = (
				EC2ACFA01EC28CF000E3E082 /* Login_and_RegistrationUITests.swift */,
				EC2ACFA21EC28CF000E3E082 /* Info.plist */,
			);
			path = "Login and RegistrationUITests";
			sourceTree = "<group>";
		};
/* End PBXGroup section */

/* Begin PBXNativeTarget section */
		EC2ACF791EC28CEF00E3E082 /* Login and Registration */ = {
			isa = PBXNativeTarget;
			buildConfigurationList = EC2ACFA51EC28CF000E3E082 /* Build configuration list for PBXNativeTarget "Login and Registration" */;
			buildPhases = (
				8A70885FE89F9F1366E3E517 /* [CP] Check Pods Manifest.lock */,
				EC2ACF761EC28CEF00E3E082 /* Sources */,
				EC2ACF771EC28CEF00E3E082 /* Frameworks */,
				EC2ACF781EC28CEF00E3E082 /* Resources */,
				A46355F192D8592ADBA54BE6 /* [CP] Embed Pods Frameworks */,
				15FC7F4A44095E027652FEC9 /* [CP] Copy Pods Resources */,
			);
			buildRules = (
			);
			dependencies = (
			);
			name = "Login and Registration";
			productName = "Login and Registration";
			productReference = EC2ACF7A1EC28CEF00E3E082 /* Login and Registration.app */;
			productType = "com.apple.product-type.application";
		};
		EC2ACF901EC28CF000E3E082 /* Login and RegistrationTests */ = {
			isa = PBXNativeTarget;
			buildConfigurationList = EC2ACFA81EC28CF000E3E082 /* Build configuration list for PBXNativeTarget "Login and RegistrationTests" */;
			buildPhases = (
				136CF20DC098D6FE2A871981 /* [CP] Check Pods Manifest.lock */,
				EC2ACF8D1EC28CF000E3E082 /* Sources */,
				EC2ACF8E1EC28CF000E3E082 /* Frameworks */,
				EC2ACF8F1EC28CF000E3E082 /* Resources */,
				FF28C4F0E84FF0FF63677E95 /* [CP] Embed Pods Frameworks */,
				1B84F26EEB918562027B0096 /* [CP] Copy Pods Resources */,
			);
			buildRules = (
			);
			dependencies = (
				EC2ACF931EC28CF000E3E082 /* PBXTargetDependency */,
			);
			name = "Login and RegistrationTests";
			productName = "Login and RegistrationTests";
			productReference = EC2ACF911EC28CF000E3E082 /* Login and RegistrationTests.xctest */;
			productType = "com.apple.product-type.bundle.unit-test";
		};
		EC2ACF9B1EC28CF000E3E082 /* Login and RegistrationUITests */ = {
			isa = PBXNativeTarget;
			buildConfigurationList = EC2ACFAB1EC28CF000E3E082 /* Build configuration list for PBXNativeTarget "Login and RegistrationUITests" */;
			buildPhases = (
				A5F419C977C56C3E2FA9EDD5 /* [CP] Check Pods Manifest.lock */,
				EC2ACF981EC28CF000E3E082 /* Sources */,
				EC2ACF991EC28CF000E3E082 /* Frameworks */,
				EC2ACF9A1EC28CF000E3E082 /* Resources */,
				75CABFA7066C15373EE0DF1B /* [CP] Embed Pods Frameworks */,
				AB96E9869859BCA4572DD48A /* [CP] Copy Pods Resources */,
			);
			buildRules = (
			);
			dependencies = (
				EC2ACF9E1EC28CF000E3E082 /* PBXTargetDependency */,
			);
			name = "Login and RegistrationUITests";
			productName = "Login and RegistrationUITests";
			productReference = EC2ACF9C1EC28CF000E3E082 /* Login and RegistrationUITests.xctest */;
			productType = "com.apple.product-type.bundle.ui-testing";
		};
/* End PBXNativeTarget section */

/* Begin PBXProject section */
		EC2ACF721EC28CEF00E3E082 /* Project object */ = {
			isa = PBXProject;
			attributes = {
				LastSwiftUpdateCheck = 0830;
				LastUpgradeCheck = 0830;
				ORGANIZATIONNAME = "Sammy Doueck";
				TargetAttributes = {
					EC2ACF791EC28CEF00E3E082 = {
						CreatedOnToolsVersion = 8.3.2;
						ProvisioningStyle = Automatic;
					};
					EC2ACF901EC28CF000E3E082 = {
						CreatedOnToolsVersion = 8.3.2;
						ProvisioningStyle = Automatic;
						TestTargetID = EC2ACF791EC28CEF00E3E082;
					};
					EC2ACF9B1EC28CF000E3E082 = {
						CreatedOnToolsVersion = 8.3.2;
						ProvisioningStyle = Automatic;
						TestTargetID = EC2ACF791EC28CEF00E3E082;
					};
				};
			};
			buildConfigurationList = EC2ACF751EC28CEF00E3E082 /* Build configuration list for PBXProject "Login and Registration" */;
			compatibilityVersion = "Xcode 3.2";
			developmentRegion = English;
			hasScannedForEncodings = 0;
			knownRegions = (
				en,
				Base,
			);
			mainGroup = EC2ACF711EC28CEF00E3E082;
			productRefGroup = EC2ACF7B1EC28CEF00E3E082 /* Products */;
			projectDirPath = "";
			projectRoot = "";
			targets = (
				EC2ACF791EC28CEF00E3E082 /* Login and Registration */,
				EC2ACF901EC28CF000E3E082 /* Login and RegistrationTests */,
				EC2ACF9B1EC28CF000E3E082 /* Login and RegistrationUITests */,
			);
		};
/* End PBXProject section */

/* Begin PBXResourcesBuildPhase section */
		EC2ACF781EC28CEF00E3E082 /* Resources */ = {
			isa = PBXResourcesBuildPhase;
			buildActionMask = 2147483647;
			files = (
				EC2ACF8B1EC28CF000E3E082 /* LaunchScreen.storyboard in Resources */,
				EC2ACFB31EC3CD6800E3E082 /* GoogleService-Info.plist in Resources */,
				EC2ACF881EC28CF000E3E082 /* Assets.xcassets in Resources */,
				EC2ACF831EC28CEF00E3E082 /* Main.storyboard in Resources */,
			);
			runOnlyForDeploymentPostprocessing = 0;
		};
		EC2ACF8F1EC28CF000E3E082 /* Resources */ = {
			isa = PBXResourcesBuildPhase;
			buildActionMask = 2147483647;
			files = (
			);
			runOnlyForDeploymentPostprocessing = 0;
		};
		EC2ACF9A1EC28CF000E3E082 /* Resources */ = {
			isa = PBXResourcesBuildPhase;
			buildActionMask = 2147483647;
			files = (
			);
			runOnlyForDeploymentPostprocessing = 0;
		};
/* End PBXResourcesBuildPhase section */

/* Begin PBXShellScriptBuildPhase section */
		136CF20DC098D6FE2A871981 /* [CP] Check Pods Manifest.lock */ = {
			isa = PBXShellScriptBuildPhase;
			buildActionMask = 2147483647;
			files = (
			);
			inputPaths = (
			);
			name = "[CP] Check Pods Manifest.lock";
			outputPaths = (
			);
			runOnlyForDeploymentPostprocessing = 0;
			shellPath = /bin/sh;
			shellScript = "diff \"${PODS_PODFILE_DIR_PATH}/Podfile.lock\" \"${PODS_ROOT}/Manifest.lock\" > /dev/null\nif [ $? != 0 ] ; then\n    # print error to STDERR\n    echo \"error: The sandbox is not in sync with the Podfile.lock. Run 'pod install' or update your CocoaPods installation.\" >&2\n    exit 1\nfi\n";
			showEnvVarsInLog = 0;
		};
		15FC7F4A44095E027652FEC9 /* [CP] Copy Pods Resources */ = {
			isa = PBXShellScriptBuildPhase;
			buildActionMask = 2147483647;
			files = (
			);
			inputPaths = (
			);
			name = "[CP] Copy Pods Resources";
			outputPaths = (
			);
			runOnlyForDeploymentPostprocessing = 0;
			shellPath = /bin/sh;
			shellScript = "\"${SRCROOT}/Pods/Target Support Files/Pods-Login and Registration/Pods-Login and Registration-resources.sh\"\n";
			showEnvVarsInLog = 0;
		};
		1B84F26EEB918562027B0096 /* [CP] Copy Pods Resources */ = {
			isa = PBXShellScriptBuildPhase;
			buildActionMask = 2147483647;
			files = (
			);
			inputPaths = (
			);
			name = "[CP] Copy Pods Resources";
			outputPaths = (
			);
			runOnlyForDeploymentPostprocessing = 0;
			shellPath = /bin/sh;
			shellScript = "\"${SRCROOT}/Pods/Target Support Files/Pods-Login and RegistrationTests/Pods-Login and RegistrationTests-resources.sh\"\n";
			showEnvVarsInLog = 0;
		};
		75CABFA7066C15373EE0DF1B /* [CP] Embed Pods Frameworks */ = {
			isa = PBXShellScriptBuildPhase;
			buildActionMask = 2147483647;
			files = (
			);
			inputPaths = (
			);
			name = "[CP] Embed Pods Frameworks";
			outputPaths = (
			);
			runOnlyForDeploymentPostprocessing = 0;
			shellPath = /bin/sh;
			shellScript = "\"${SRCROOT}/Pods/Target Support Files/Pods-Login and RegistrationUITests/Pods-Login and RegistrationUITests-frameworks.sh\"\n";
			showEnvVarsInLog = 0;
		};
		8A70885FE89F9F1366E3E517 /* [CP] Check Pods Manifest.lock */ = {
			isa = PBXShellScriptBuildPhase;
			buildActionMask = 2147483647;
			files = (
			);
			inputPaths = (
			);
			name = "[CP] Check Pods Manifest.lock";
			outputPaths = (
			);
			runOnlyForDeploymentPostprocessing = 0;
			shellPath = /bin/sh;
			shellScript = "diff \"${PODS_PODFILE_DIR_PATH}/Podfile.lock\" \"${PODS_ROOT}/Manifest.lock\" > /dev/null\nif [ $? != 0 ] ; then\n    # print error to STDERR\n    echo \"error: The sandbox is not in sync with the Podfile.lock. Run 'pod install' or update your CocoaPods installation.\" >&2\n    exit 1\nfi\n";
			showEnvVarsInLog = 0;
		};
		A46355F192D8592ADBA54BE6 /* [CP] Embed Pods Frameworks */ = {
			isa = PBXShellScriptBuildPhase;
			buildActionMask = 2147483647;
			files = (
			);
			inputPaths = (
			);
			name = "[CP] Embed Pods Frameworks";
			outputPaths = (
			);
			runOnlyForDeploymentPostprocessing = 0;
			shellPath = /bin/sh;
			shellScript = "\"${SRCROOT}/Pods/Target Support Files/Pods-Login and Registration/Pods-Login and Registration-frameworks.sh\"\n";
			showEnvVarsInLog = 0;
		};
		A5F419C977C56C3E2FA9EDD5 /* [CP] Check Pods Manifest.lock */ = {
			isa = PBXShellScriptBuildPhase;
			buildActionMask = 2147483647;
			files = (
			);
			inputPaths = (
			);
			name = "[CP] Check Pods Manifest.lock";
			outputPaths = (
			);
			runOnlyForDeploymentPostprocessing = 0;
			shellPath = /bin/sh;
			shellScript = "diff \"${PODS_PODFILE_DIR_PATH}/Podfile.lock\" \"${PODS_ROOT}/Manifest.lock\" > /dev/null\nif [ $? != 0 ] ; then\n    # print error to STDERR\n    echo \"error: The sandbox is not in sync with the Podfile.lock. Run 'pod install' or update your CocoaPods installation.\" >&2\n    exit 1\nfi\n";
			showEnvVarsInLog = 0;
		};
		AB96E9869859BCA4572DD48A /* [CP] Copy Pods Resources */ = {
			isa = PBXShellScriptBuildPhase;
			buildActionMask = 2147483647;
			files = (
			);
			inputPaths = (
			);
			name = "[CP] Copy Pods Resources";
			outputPaths = (
			);
			runOnlyForDeploymentPostprocessing = 0;
			shellPath = /bin/sh;
			shellScript = "\"${SRCROOT}/Pods/Target Support Files/Pods-Login and RegistrationUITests/Pods-Login and RegistrationUITests-resources.sh\"\n";
			showEnvVarsInLog = 0;
		};
		FF28C4F0E84FF0FF63677E95 /* [CP] Embed Pods Frameworks */ = {
			isa = PBXShellScriptBuildPhase;
			buildActionMask = 2147483647;
			files = (
			);
			inputPaths = (
			);
			name = "[CP] Embed Pods Frameworks";
			outputPaths = (
			);
			runOnlyForDeploymentPostprocessing = 0;
			shellPath = /bin/sh;
			shellScript = "\"${SRCROOT}/Pods/Target Support Files/Pods-Login and RegistrationTests/Pods-Login and RegistrationTests-frameworks.sh\"\n";
			showEnvVarsInLog = 0;
		};
/* End PBXShellScriptBuildPhase section */

/* Begin PBXSourcesBuildPhase section */
		EC2ACF761EC28CEF00E3E082 /* Sources */ = {
			isa = PBXSourcesBuildPhase;
			buildActionMask = 2147483647;
			files = (
				EC2ACFB11EC29D3500E3E082 /* RegisterPageViewController.swift in Sources */,
				EC2ACF801EC28CEF00E3E082 /* ViewController.swift in Sources */,
				EC2ACF7E1EC28CEF00E3E082 /* AppDelegate.swift in Sources */,
			);
			runOnlyForDeploymentPostprocessing = 0;
		};
		EC2ACF8D1EC28CF000E3E082 /* Sources */ = {
			isa = PBXSourcesBuildPhase;
			buildActionMask = 2147483647;
			files = (
				EC2ACF961EC28CF000E3E082 /* Login_and_RegistrationTests.swift in Sources */,
			);
			runOnlyForDeploymentPostprocessing = 0;
		};
		EC2ACF981EC28CF000E3E082 /* Sources */ = {
			isa = PBXSourcesBuildPhase;
			buildActionMask = 2147483647;
			files = (
				EC2ACFA11EC28CF000E3E082 /* Login_and_RegistrationUITests.swift in Sources */,
			);
			runOnlyForDeploymentPostprocessing = 0;
		};
/* End PBXSourcesBuildPhase section */

/* Begin PBXTargetDependency section */
		EC2ACF931EC28CF000E3E082 /* PBXTargetDependency */ = {
			isa = PBXTargetDependency;
			target = EC2ACF791EC28CEF00E3E082 /* Login and Registration */;
			targetProxy = EC2ACF921EC28CF000E3E082 /* PBXContainerItemProxy */;
		};
		EC2ACF9E1EC28CF000E3E082 /* PBXTargetDependency */ = {
			isa = PBXTargetDependency;
			target = EC2ACF791EC28CEF00E3E082 /* Login and Registration */;
			targetProxy = EC2ACF9D1EC28CF000E3E082 /* PBXContainerItemProxy */;
		};
/* End PBXTargetDependency section */

/* Begin PBXVariantGroup section */
		EC2ACF811EC28CEF00E3E082 /* Main.storyboard */ = {
			isa = PBXVariantGroup;
			children = (
				EC2ACF821EC28CEF00E3E082 /* Base */,
			);
			name = Main.storyboard;
			sourceTree = "<group>";
		};
		EC2ACF891EC28CF000E3E082 /* LaunchScreen.storyboard */ = {
			isa = PBXVariantGroup;
			children = (
				EC2ACF8A1EC28CF000E3E082 /* Base */,
			);
			name = LaunchScreen.storyboard;
			sourceTree = "<group>";
		};
/* End PBXVariantGroup section */

/* Begin XCBuildConfiguration section */
		EC2ACFA31EC28CF000E3E082 /* Debug */ = {
			isa = XCBuildConfiguration;
			buildSettings = {
				ALWAYS_SEARCH_USER_PATHS = NO;
				CLANG_ANALYZER_NONNULL = YES;
				CLANG_ANALYZER_NUMBER_OBJECT_CONVERSION = YES_AGGRESSIVE;
				CLANG_CXX_LANGUAGE_STANDARD = "gnu++0x";
				CLANG_CXX_LIBRARY = "libc++";
				CLANG_ENABLE_MODULES = YES;
				CLANG_ENABLE_OBJC_ARC = YES;
				CLANG_WARN_BOOL_CONVERSION = YES;
				CLANG_WARN_CONSTANT_CONVERSION = YES;
				CLANG_WARN_DIRECT_OBJC_ISA_USAGE = YES_ERROR;
				CLANG_WARN_DOCUMENTATION_COMMENTS = YES;
				CLANG_WARN_EMPTY_BODY = YES;
				CLANG_WARN_ENUM_CONVERSION = YES;
				CLANG_WARN_INFINITE_RECURSION = YES;
				CLANG_WARN_INT_CONVERSION = YES;
				CLANG_WARN_OBJC_ROOT_CLASS = YES_ERROR;
				CLANG_WARN_SUSPICIOUS_MOVE = YES;
				CLANG_WARN_UNREACHABLE_CODE = YES;
				CLANG_WARN__DUPLICATE_METHOD_MATCH = YES;
				"CODE_SIGN_IDENTITY[sdk=iphoneos*]" = "iPhone Developer";
				COPY_PHASE_STRIP = NO;
				DEBUG_INFORMATION_FORMAT = dwarf;
				ENABLE_STRICT_OBJC_MSGSEND = YES;
				ENABLE_TESTABILITY = YES;
				GCC_C_LANGUAGE_STANDARD = gnu99;
				GCC_DYNAMIC_NO_PIC = NO;
				GCC_NO_COMMON_BLOCKS = YES;
				GCC_OPTIMIZATION_LEVEL = 0;
				GCC_PREPROCESSOR_DEFINITIONS = (
					"DEBUG=1",
					"$(inherited)",
				);
				GCC_WARN_64_TO_32_BIT_CONVERSION = YES;
				GCC_WARN_ABOUT_RETURN_TYPE = YES_ERROR;
				GCC_WARN_UNDECLARED_SELECTOR = YES;
				GCC_WARN_UNINITIALIZED_AUTOS = YES_AGGRESSIVE;
				GCC_WARN_UNUSED_FUNCTION = YES;
				GCC_WARN_UNUSED_VARIABLE = YES;
				IPHONEOS_DEPLOYMENT_TARGET = 10.3;
				MTL_ENABLE_DEBUG_INFO = YES;
				ONLY_ACTIVE_ARCH = YES;
				SDKROOT = iphoneos;
				SWIFT_ACTIVE_COMPILATION_CONDITIONS = DEBUG;
				SWIFT_OPTIMIZATION_LEVEL = "-Onone";
				TARGETED_DEVICE_FAMILY = "1,2";
			};
			name = Debug;
		};
		EC2ACFA41EC28CF000E3E082 /* Release */ = {
			isa = XCBuildConfiguration;
			buildSettings = {
				ALWAYS_SEARCH_USER_PATHS = NO;
				CLANG_ANALYZER_NONNULL = YES;
				CLANG_ANALYZER_NUMBER_OBJECT_CONVERSION = YES_AGGRESSIVE;
				CLANG_CXX_LANGUAGE_STANDARD = "gnu++0x";
				CLANG_CXX_LIBRARY = "libc++";
				CLANG_ENABLE_MODULES = YES;
				CLANG_ENABLE_OBJC_ARC = YES;
				CLANG_WARN_BOOL_CONVERSION = YES;
				CLANG_WARN_CONSTANT_CONVERSION = YES;
				CLANG_WARN_DIRECT_OBJC_ISA_USAGE = YES_ERROR;
				CLANG_WARN_DOCUMENTATION_COMMENTS = YES;
				CLANG_WARN_EMPTY_BODY = YES;
				CLANG_WARN_ENUM_CONVERSION = YES;
				CLANG_WARN_INFINITE_RECURSION = YES;
				CLANG_WARN_INT_CONVERSION = YES;
				CLANG_WARN_OBJC_ROOT_CLASS = YES_ERROR;
				CLANG_WARN_SUSPICIOUS_MOVE = YES;
				CLANG_WARN_UNREACHABLE_CODE = YES;
				CLANG_WARN__DUPLICATE_METHOD_MATCH = YES;
				"CODE_SIGN_IDENTITY[sdk=iphoneos*]" = "iPhone Developer";
				COPY_PHASE_STRIP = NO;
				DEBUG_INFORMATION_FORMAT = "dwarf-with-dsym";
				ENABLE_NS_ASSERTIONS = NO;
				ENABLE_STRICT_OBJC_MSGSEND = YES;
				GCC_C_LANGUAGE_STANDARD = gnu99;
				GCC_NO_COMMON_BLOCKS = YES;
				GCC_WARN_64_TO_32_BIT_CONVERSION = YES;
				GCC_WARN_ABOUT_RETURN_TYPE = YES_ERROR;
				GCC_WARN_UNDECLARED_SELECTOR = YES;
				GCC_WARN_UNINITIALIZED_AUTOS = YES_AGGRESSIVE;
				GCC_WARN_UNUSED_FUNCTION = YES;
				GCC_WARN_UNUSED_VARIABLE = YES;
				IPHONEOS_DEPLOYMENT_TARGET = 10.3;
				MTL_ENABLE_DEBUG_INFO = NO;
				SDKROOT = iphoneos;
				SWIFT_OPTIMIZATION_LEVEL = "-Owholemodule";
				TARGETED_DEVICE_FAMILY = "1,2";
				VALIDATE_PRODUCT = YES;
			};
			name = Release;
		};
		EC2ACFA61EC28CF000E3E082 /* Debug */ = {
			isa = XCBuildConfiguration;
			baseConfigurationReference = E75620C658F6534B16206A43 /* Pods-Login and Registration.debug.xcconfig */;
			buildSettings = {
				ASSETCATALOG_COMPILER_APPICON_NAME = AppIcon;
				INFOPLIST_FILE = "Login and Registration/Info.plist";
				LD_RUNPATH_SEARCH_PATHS = "$(inherited) @executable_path/Frameworks";
				PRODUCT_BUNDLE_IDENTIFIER = "com.SammyDoueck.Login-and-Registration";
				PRODUCT_NAME = "$(TARGET_NAME)";
				SWIFT_VERSION = 3.0;
			};
			name = Debug;
		};
		EC2ACFA71EC28CF000E3E082 /* Release */ = {
			isa = XCBuildConfiguration;
			baseConfigurationReference = D61C024F1624DAC2592041EC /* Pods-Login and Registration.release.xcconfig */;
			buildSettings = {
				ASSETCATALOG_COMPILER_APPICON_NAME = AppIcon;
				INFOPLIST_FILE = "Login and Registration/Info.plist";
				LD_RUNPATH_SEARCH_PATHS = "$(inherited) @executable_path/Frameworks";
				PRODUCT_BUNDLE_IDENTIFIER = "com.SammyDoueck.Login-and-Registration";
				PRODUCT_NAME = "$(TARGET_NAME)";
				SWIFT_VERSION = 3.0;
			};
			name = Release;
		};
		EC2ACFA91EC28CF000E3E082 /* Debug */ = {
			isa = XCBuildConfiguration;
			baseConfigurationReference = 2B6C8D5BF8601AC96BFC8F61 /* Pods-Login and RegistrationTests.debug.xcconfig */;
			buildSettings = {
				ALWAYS_EMBED_SWIFT_STANDARD_LIBRARIES = YES;
				BUNDLE_LOADER = "$(TEST_HOST)";
				INFOPLIST_FILE = "Login and RegistrationTests/Info.plist";
				LD_RUNPATH_SEARCH_PATHS = "$(inherited) @executable_path/Frameworks @loader_path/Frameworks";
				PRODUCT_BUNDLE_IDENTIFIER = "sample.Login-and-RegistrationTests";
				PRODUCT_NAME = "$(TARGET_NAME)";
				SWIFT_VERSION = 3.0;
				TEST_HOST = "$(BUILT_PRODUCTS_DIR)/Login and Registration.app/Login and Registration";
			};
			name = Debug;
		};
		EC2ACFAA1EC28CF000E3E082 /* Release */ = {
			isa = XCBuildConfiguration;
			baseConfigurationReference = 4444BE470EF08E8E5254026A /* Pods-Login and RegistrationTests.release.xcconfig */;
			buildSettings = {
				ALWAYS_EMBED_SWIFT_STANDARD_LIBRARIES = YES;
				BUNDLE_LOADER = "$(TEST_HOST)";
				INFOPLIST_FILE = "Login and RegistrationTests/Info.plist";
				LD_RUNPATH_SEARCH_PATHS = "$(inherited) @executable_path/Frameworks @loader_path/Frameworks";
				PRODUCT_BUNDLE_IDENTIFIER = "sample.Login-and-RegistrationTests";
				PRODUCT_NAME = "$(TARGET_NAME)";
				SWIFT_VERSION = 3.0;
				TEST_HOST = "$(BUILT_PRODUCTS_DIR)/Login and Registration.app/Login and Registration";
			};
			name = Release;
		};
		EC2ACFAC1EC28CF000E3E082 /* Debug */ = {
			isa = XCBuildConfiguration;
			baseConfigurationReference = C6A6B7F89CC916E05C4650B3 /* Pods-Login and RegistrationUITests.debug.xcconfig */;
			buildSettings = {
				ALWAYS_EMBED_SWIFT_STANDARD_LIBRARIES = YES;
				INFOPLIST_FILE = "Login and RegistrationUITests/Info.plist";
				LD_RUNPATH_SEARCH_PATHS = "$(inherited) @executable_path/Frameworks @loader_path/Frameworks";
				PRODUCT_BUNDLE_IDENTIFIER = "sample.Login-and-RegistrationUITests";
				PRODUCT_NAME = "$(TARGET_NAME)";
				SWIFT_VERSION = 3.0;
				TEST_TARGET_NAME = "Login and Registration";
			};
			name = Debug;
		};
		EC2ACFAD1EC28CF000E3E082 /* Release */ = {
			isa = XCBuildConfiguration;
			baseConfigurationReference = 5E72B321AC6A66F7E25C6D4A /* Pods-Login and RegistrationUITests.release.xcconfig */;
			buildSettings = {
				ALWAYS_EMBED_SWIFT_STANDARD_LIBRARIES = YES;
				INFOPLIST_FILE = "Login and RegistrationUITests/Info.plist";
				LD_RUNPATH_SEARCH_PATHS = "$(inherited) @executable_path/Frameworks @loader_path/Frameworks";
				PRODUCT_BUNDLE_IDENTIFIER = "sample.Login-and-RegistrationUITests";
				PRODUCT_NAME = "$(TARGET_NAME)";
				SWIFT_VERSION = 3.0;
				TEST_TARGET_NAME = "Login and Registration";
			};
			name = Release;
		};
/* End XCBuildConfiguration section */

/* Begin XCConfigurationList section */
		EC2ACF751EC28CEF00E3E082 /* Build configuration list for PBXProject "Login and Registration" */ = {
			isa = XCConfigurationList;
			buildConfigurations = (
				EC2ACFA31EC28CF000E3E082 /* Debug */,
				EC2ACFA41EC28CF000E3E082 /* Release */,
			);
			defaultConfigurationIsVisible = 0;
			defaultConfigurationName = Release;
		};
		EC2ACFA51EC28CF000E3E082 /* Build configuration list for PBXNativeTarget "Login and Registration" */ = {
			isa = XCConfigurationList;
			buildConfigurations = (
				EC2ACFA61EC28CF000E3E082 /* Debug */,
				EC2ACFA71EC28CF000E3E082 /* Release */,
			);
			defaultConfigurationIsVisible = 0;
		};
		EC2ACFA81EC28CF000E3E082 /* Build configuration list for PBXNativeTarget "Login and RegistrationTests" */ = {
			isa = XCConfigurationList;
			buildConfigurations = (
				EC2ACFA91EC28CF000E3E082 /* Debug */,
				EC2ACFAA1EC28CF000E3E082 /* Release */,
			);
			defaultConfigurationIsVisible = 0;
		};
		EC2ACFAB1EC28CF000E3E082 /* Build configuration list for PBXNativeTarget "Login and RegistrationUITests" */ = {
			isa = XCConfigurationList;
			buildConfigurations = (
				EC2ACFAC1EC28CF000E3E082 /* Debug */,
				EC2ACFAD1EC28CF000E3E082 /* Release */,
			);
			defaultConfigurationIsVisible = 0;
		};
/* End XCConfigurationList section */
	};
	rootObject = EC2ACF721EC28CEF00E3E082 /* Project object */;
}
